
Microsoft Visual Studio Solution File, Format Version 12.00
# Visual Studio Version 16
VisualStudioVersion = 16.0.30002.166
MinimumVisualStudioVersion = 10.0.40219.1
Project("{2150E333-8FDC-42A3-9474-1A3956D46DE8}") = "Data", "Data", "{F9873804-70F3-477C-B0B7-2E29C2C27628}"
EndProject
Project("{2150E333-8FDC-42A3-9474-1A3956D46DE8}") = "Hosts", "Hosts", "{40F5553C-BB03-4938-945E-A907CA8DDB66}"
EndProject
Project("{2150E333-8FDC-42A3-9474-1A3956D46DE8}") = "Shared", "Shared", "{3A16C5D9-003F-4F29-96FA-C08C8BAD0446}"
EndProject
Project("{2150E333-8FDC-42A3-9474-1A3956D46DE8}") = "UnitTest", "UnitTest", "{94967626-BBEE-4609-BB5B-37290DECFD06}"
EndProject
Project("{9A19103F-16F7-4668-BE54-9A1E7A4F7556}") = "WebApi", "WebApi\WebApi.csproj", "{F5CCCB72-E93E-4BFB-B313-29F7722DC24C}"
EndProject
Project("{FAE04EC0-301F-11D3-BF4B-00C04F79EFBC}") = "WebApiTest", "WebApiTest\WebApiTest.csproj", "{1CB5DBED-742D-4350-BD75-836199E3C3E0}"
EndProject
Project("{9A19103F-16F7-4668-BE54-9A1E7A4F7556}") = "Domain", "Domain\Domain.csproj", "{6BAF0310-9D52-4D08-AEEA-3022B2327C1F}"
EndProject
Project("{9A19103F-16F7-4668-BE54-9A1E7A4F7556}") = "Context", "Context\Context.csproj", "{262C2422-4350-4851-B085-E7700F36392C}"
EndProject
Project("{9A19103F-16F7-4668-BE54-9A1E7A4F7556}") = "Entities", "Entities\Entities.csproj", "{ABCC68ED-E003-470E-927C-3CFB795B859A}"
EndProject
Project("{9A19103F-16F7-4668-BE54-9A1E7A4F7556}") = "Repository", "Repository\Repository.csproj", "{323A431C-3CF6-445A-9F17-3028D49BBF65}"
EndProject
Project("{2150E333-8FDC-42A3-9474-1A3956D46DE8}") = "Presentation", "Presentation", "{BEF818D1-3BEB-4438-BC0E-BE22651EDFF4}"
EndProject
Project("{2150E333-8FDC-42A3-9474-1A3956D46DE8}") = "Business", "Business", "{186CC35E-616F-4F7B-8BEF-BEF603DAA135}"
EndProject
Global
	GlobalSection(SolutionConfigurationPlatforms) = preSolution
		Debug|Any CPU = Debug|Any CPU
		Release|Any CPU = Release|Any CPU
	EndGlobalSection
	GlobalSection(ProjectConfigurationPlatforms) = postSolution
		{F5CCCB72-E93E-4BFB-B313-29F7722DC24C}.Debug|Any CPU.ActiveCfg = Debug|Any CPU
		{F5CCCB72-E93E-4BFB-B313-29F7722DC24C}.Debug|Any CPU.Build.0 = Debug|Any CPU
		{F5CCCB72-E93E-4BFB-B313-29F7722DC24C}.Release|Any CPU.ActiveCfg = Release|Any CPU
		{F5CCCB72-E93E-4BFB-B313-29F7722DC24C}.Release|Any CPU.Build.0 = Release|Any CPU
		{1CB5DBED-742D-4350-BD75-836199E3C3E0}.Debug|Any CPU.ActiveCfg = Debug|Any CPU
		{1CB5DBED-742D-4350-BD75-836199E3C3E0}.Debug|Any CPU.Build.0 = Debug|Any CPU
		{1CB5DBED-742D-4350-BD75-836199E3C3E0}.Release|Any CPU.ActiveCfg = Release|Any CPU
		{1CB5DBED-742D-4350-BD75-836199E3C3E0}.Release|Any CPU.Build.0 = Release|Any CPU
		{6BAF0310-9D52-4D08-AEEA-3022B2327C1F}.Debug|Any CPU.ActiveCfg = Debug|Any CPU
		{6BAF0310-9D52-4D08-AEEA-3022B2327C1F}.Debug|Any CPU.Build.0 = Debug|Any CPU
		{6BAF0310-9D52-4D08-AEEA-3022B2327C1F}.Release|Any CPU.ActiveCfg = Release|Any CPU
		{6BAF0310-9D52-4D08-AEEA-3022B2327C1F}.Release|Any CPU.Build.0 = Release|Any CPU
		{262C2422-4350-4851-B085-E7700F36392C}.Debug|Any CPU.ActiveCfg = Debug|Any CPU
		{262C2422-4350-4851-B085-E7700F36392C}.Debug|Any CPU.Build.0 = Debug|Any CPU
		{262C2422-4350-4851-B085-E7700F36392C}.Release|Any CPU.ActiveCfg = Release|Any CPU
		{262C2422-4350-4851-B085-E7700F36392C}.Release|Any CPU.Build.0 = Release|Any CPU
		{ABCC68ED-E003-470E-927C-3CFB795B859A}.Debug|Any CPU.ActiveCfg = Debug|Any CPU
		{ABCC68ED-E003-470E-927C-3CFB795B859A}.Debug|Any CPU.Build.0 = Debug|Any CPU
		{ABCC68ED-E003-470E-927C-3CFB795B859A}.Release|Any CPU.ActiveCfg = Release|Any CPU
		{ABCC68ED-E003-470E-927C-3CFB795B859A}.Release|Any CPU.Build.0 = Release|Any CPU
		{323A431C-3CF6-445A-9F17-3028D49BBF65}.Debug|Any CPU.ActiveCfg = Debug|Any CPU
		{323A431C-3CF6-445A-9F17-3028D49BBF65}.Debug|Any CPU.Build.0 = Debug|Any CPU
		{323A431C-3CF6-445A-9F17-3028D49BBF65}.Release|Any CPU.ActiveCfg = Release|Any CPU
		{323A431C-3CF6-445A-9F17-3028D49BBF65}.Release|Any CPU.Build.0 = Release|Any CPU
		{C8316DBC-AD65-456B-95EA-5016ABFEADE3}.Debug|Any CPU.ActiveCfg = Debug|Any CPU
		{C8316DBC-AD65-456B-95EA-5016ABFEADE3}.Debug|Any CPU.Build.0 = Debug|Any CPU
		{C8316DBC-AD65-456B-95EA-5016ABFEADE3}.Release|Any CPU.ActiveCfg = Release|Any CPU
		{C8316DBC-AD65-456B-95EA-5016ABFEADE3}.Release|Any CPU.Build.0 = Release|Any CPU
	EndGlobalSection
	GlobalSection(SolutionProperties) = preSolution
		HideSolutionNode = FALSE
	EndGlobalSection
	GlobalSection(NestedProjects) = preSolution
		{F5CCCB72-E93E-4BFB-B313-29F7722DC24C} = {40F5553C-BB03-4938-945E-A907CA8DDB66}
		{1CB5DBED-742D-4350-BD75-836199E3C3E0} = {94967626-BBEE-4609-BB5B-37290DECFD06}
		{6BAF0310-9D52-4D08-AEEA-3022B2327C1F} = {3A16C5D9-003F-4F29-96FA-C08C8BAD0446}
		{262C2422-4350-4851-B085-E7700F36392C} = {F9873804-70F3-477C-B0B7-2E29C2C27628}
		{ABCC68ED-E003-470E-927C-3CFB795B859A} = {3A16C5D9-003F-4F29-96FA-C08C8BAD0446}
		{323A431C-3CF6-445A-9F17-3028D49BBF65} = {F9873804-70F3-477C-B0B7-2E29C2C27628}
	EndGlobalSection
	GlobalSection(ExtensibilityGlobals) = postSolution
		SolutionGuid = {EA5CFBB6-5A7C-4C68-8CAE-64DA7E59D9DC}
	EndGlobalSection
EndGlobal
