
Microsoft Visual Studio Solution File, Format Version 12.00
# Visual Studio Version 16
VisualStudioVersion = 16.0.30002.166
MinimumVisualStudioVersion = 10.0.40219.1
Project("{2150E333-8FDC-42A3-9474-1A3956D46DE8}") = "Business", "Business", "{0C018EE7-EB08-4447-8E8A-080743945AD6}"
EndProject
Project("{2150E333-8FDC-42A3-9474-1A3956D46DE8}") = "Data", "Data", "{F9873804-70F3-477C-B0B7-2E29C2C27628}"
EndProject
Project("{2150E333-8FDC-42A3-9474-1A3956D46DE8}") = "Hosts", "Hosts", "{40F5553C-BB03-4938-945E-A907CA8DDB66}"
EndProject
Project("{2150E333-8FDC-42A3-9474-1A3956D46DE8}") = "Services", "Services", "{C0BB756B-D8F5-4FBF-A648-70DED36642A1}"
EndProject
Project("{2150E333-8FDC-42A3-9474-1A3956D46DE8}") = "Shared", "Shared", "{3A16C5D9-003F-4F29-96FA-C08C8BAD0446}"
EndProject
Project("{2150E333-8FDC-42A3-9474-1A3956D46DE8}") = "UnitTest", "UnitTest", "{94967626-BBEE-4609-BB5B-37290DECFD06}"
EndProject
Project("{FAE04EC0-301F-11D3-BF4B-00C04F79EFBC}") = "Business", "Business\Business.csproj", "{965A9AA0-664E-4273-8DDF-D152B48A552B}"
	ProjectSection(ProjectDependencies) = postProject
		{60B6E38D-D83D-42C0-B9F0-DE27D7FA50BF} = {60B6E38D-D83D-42C0-B9F0-DE27D7FA50BF}
		{4DDC26F2-42CB-45D3-9B85-0D8C86C3708E} = {4DDC26F2-42CB-45D3-9B85-0D8C86C3708E}
	EndProjectSection
EndProject
Project("{FAE04EC0-301F-11D3-BF4B-00C04F79EFBC}") = "Repository", "Data\Repository.csproj", "{60B6E38D-D83D-42C0-B9F0-DE27D7FA50BF}"
	ProjectSection(ProjectDependencies) = postProject
		{4DDC26F2-42CB-45D3-9B85-0D8C86C3708E} = {4DDC26F2-42CB-45D3-9B85-0D8C86C3708E}
	EndProjectSection
EndProject
Project("{9A19103F-16F7-4668-BE54-9A1E7A4F7556}") = "WebApi", "WebApi\WebApi.csproj", "{F5CCCB72-E93E-4BFB-B313-29F7722DC24C}"
	ProjectSection(ProjectDependencies) = postProject
		{61571E16-2534-48E1-9396-E547D97C0799} = {61571E16-2534-48E1-9396-E547D97C0799}
		{8EAE377F-BE52-43E5-9384-AD09AF677094} = {8EAE377F-BE52-43E5-9384-AD09AF677094}
		{965A9AA0-664E-4273-8DDF-D152B48A552B} = {965A9AA0-664E-4273-8DDF-D152B48A552B}
		{4DDC26F2-42CB-45D3-9B85-0D8C86C3708E} = {4DDC26F2-42CB-45D3-9B85-0D8C86C3708E}
	EndProjectSection
EndProject
Project("{FAE04EC0-301F-11D3-BF4B-00C04F79EFBC}") = "Services", "Services\Services.csproj", "{9A30A321-F3E9-4C8B-85A6-B7A32926CDFF}"
EndProject
Project("{FAE04EC0-301F-11D3-BF4B-00C04F79EFBC}") = "Services.Contracts", "Services.Contracts\Services.Contracts.csproj", "{61571E16-2534-48E1-9396-E547D97C0799}"
	ProjectSection(ProjectDependencies) = postProject
		{4DDC26F2-42CB-45D3-9B85-0D8C86C3708E} = {4DDC26F2-42CB-45D3-9B85-0D8C86C3708E}
	EndProjectSection
EndProject
Project("{FAE04EC0-301F-11D3-BF4B-00C04F79EFBC}") = "Services.Http", "Services.Http\Services.Http.csproj", "{8EAE377F-BE52-43E5-9384-AD09AF677094}"
	ProjectSection(ProjectDependencies) = postProject
		{61571E16-2534-48E1-9396-E547D97C0799} = {61571E16-2534-48E1-9396-E547D97C0799}
		{965A9AA0-664E-4273-8DDF-D152B48A552B} = {965A9AA0-664E-4273-8DDF-D152B48A552B}
		{4DDC26F2-42CB-45D3-9B85-0D8C86C3708E} = {4DDC26F2-42CB-45D3-9B85-0D8C86C3708E}
	EndProjectSection
EndProject
Project("{FAE04EC0-301F-11D3-BF4B-00C04F79EFBC}") = "Entities", "Entities\Entities.csproj", "{4DDC26F2-42CB-45D3-9B85-0D8C86C3708E}"
EndProject
Project("{FAE04EC0-301F-11D3-BF4B-00C04F79EFBC}") = "WebApiTest", "WebApiTest\WebApiTest.csproj", "{1CB5DBED-742D-4350-BD75-836199E3C3E0}"
	ProjectSection(ProjectDependencies) = postProject
		{61571E16-2534-48E1-9396-E547D97C0799} = {61571E16-2534-48E1-9396-E547D97C0799}
		{8EAE377F-BE52-43E5-9384-AD09AF677094} = {8EAE377F-BE52-43E5-9384-AD09AF677094}
		{4DDC26F2-42CB-45D3-9B85-0D8C86C3708E} = {4DDC26F2-42CB-45D3-9B85-0D8C86C3708E}
	EndProjectSection
EndProject
Project("{FAE04EC0-301F-11D3-BF4B-00C04F79EFBC}") = "Domain", "Domain\Domain.csproj", "{6BAF0310-9D52-4D08-AEEA-3022B2327C1F}"
EndProject
Global
	GlobalSection(SolutionConfigurationPlatforms) = preSolution
		Debug|Any CPU = Debug|Any CPU
		Release|Any CPU = Release|Any CPU
	EndGlobalSection
	GlobalSection(ProjectConfigurationPlatforms) = postSolution
		{965A9AA0-664E-4273-8DDF-D152B48A552B}.Debug|Any CPU.ActiveCfg = Debug|Any CPU
		{965A9AA0-664E-4273-8DDF-D152B48A552B}.Debug|Any CPU.Build.0 = Debug|Any CPU
		{965A9AA0-664E-4273-8DDF-D152B48A552B}.Release|Any CPU.ActiveCfg = Release|Any CPU
		{965A9AA0-664E-4273-8DDF-D152B48A552B}.Release|Any CPU.Build.0 = Release|Any CPU
		{60B6E38D-D83D-42C0-B9F0-DE27D7FA50BF}.Debug|Any CPU.ActiveCfg = Debug|Any CPU
		{60B6E38D-D83D-42C0-B9F0-DE27D7FA50BF}.Debug|Any CPU.Build.0 = Debug|Any CPU
		{60B6E38D-D83D-42C0-B9F0-DE27D7FA50BF}.Release|Any CPU.ActiveCfg = Release|Any CPU
		{60B6E38D-D83D-42C0-B9F0-DE27D7FA50BF}.Release|Any CPU.Build.0 = Release|Any CPU
		{F5CCCB72-E93E-4BFB-B313-29F7722DC24C}.Debug|Any CPU.ActiveCfg = Debug|Any CPU
		{F5CCCB72-E93E-4BFB-B313-29F7722DC24C}.Debug|Any CPU.Build.0 = Debug|Any CPU
		{F5CCCB72-E93E-4BFB-B313-29F7722DC24C}.Release|Any CPU.ActiveCfg = Release|Any CPU
		{F5CCCB72-E93E-4BFB-B313-29F7722DC24C}.Release|Any CPU.Build.0 = Release|Any CPU
		{9A30A321-F3E9-4C8B-85A6-B7A32926CDFF}.Debug|Any CPU.ActiveCfg = Debug|Any CPU
		{9A30A321-F3E9-4C8B-85A6-B7A32926CDFF}.Debug|Any CPU.Build.0 = Debug|Any CPU
		{9A30A321-F3E9-4C8B-85A6-B7A32926CDFF}.Release|Any CPU.ActiveCfg = Release|Any CPU
		{9A30A321-F3E9-4C8B-85A6-B7A32926CDFF}.Release|Any CPU.Build.0 = Release|Any CPU
		{61571E16-2534-48E1-9396-E547D97C0799}.Debug|Any CPU.ActiveCfg = Debug|Any CPU
		{61571E16-2534-48E1-9396-E547D97C0799}.Debug|Any CPU.Build.0 = Debug|Any CPU
		{61571E16-2534-48E1-9396-E547D97C0799}.Release|Any CPU.ActiveCfg = Release|Any CPU
		{61571E16-2534-48E1-9396-E547D97C0799}.Release|Any CPU.Build.0 = Release|Any CPU
		{8EAE377F-BE52-43E5-9384-AD09AF677094}.Debug|Any CPU.ActiveCfg = Debug|Any CPU
		{8EAE377F-BE52-43E5-9384-AD09AF677094}.Debug|Any CPU.Build.0 = Debug|Any CPU
		{8EAE377F-BE52-43E5-9384-AD09AF677094}.Release|Any CPU.ActiveCfg = Release|Any CPU
		{8EAE377F-BE52-43E5-9384-AD09AF677094}.Release|Any CPU.Build.0 = Release|Any CPU
		{4DDC26F2-42CB-45D3-9B85-0D8C86C3708E}.Debug|Any CPU.ActiveCfg = Debug|Any CPU
		{4DDC26F2-42CB-45D3-9B85-0D8C86C3708E}.Debug|Any CPU.Build.0 = Debug|Any CPU
		{4DDC26F2-42CB-45D3-9B85-0D8C86C3708E}.Release|Any CPU.ActiveCfg = Release|Any CPU
		{4DDC26F2-42CB-45D3-9B85-0D8C86C3708E}.Release|Any CPU.Build.0 = Release|Any CPU
		{1CB5DBED-742D-4350-BD75-836199E3C3E0}.Debug|Any CPU.ActiveCfg = Debug|Any CPU
		{1CB5DBED-742D-4350-BD75-836199E3C3E0}.Debug|Any CPU.Build.0 = Debug|Any CPU
		{1CB5DBED-742D-4350-BD75-836199E3C3E0}.Release|Any CPU.ActiveCfg = Release|Any CPU
		{1CB5DBED-742D-4350-BD75-836199E3C3E0}.Release|Any CPU.Build.0 = Release|Any CPU
		{6BAF0310-9D52-4D08-AEEA-3022B2327C1F}.Debug|Any CPU.ActiveCfg = Debug|Any CPU
		{6BAF0310-9D52-4D08-AEEA-3022B2327C1F}.Debug|Any CPU.Build.0 = Debug|Any CPU
		{6BAF0310-9D52-4D08-AEEA-3022B2327C1F}.Release|Any CPU.ActiveCfg = Release|Any CPU
		{6BAF0310-9D52-4D08-AEEA-3022B2327C1F}.Release|Any CPU.Build.0 = Release|Any CPU
	EndGlobalSection
	GlobalSection(SolutionProperties) = preSolution
		HideSolutionNode = FALSE
	EndGlobalSection
	GlobalSection(NestedProjects) = preSolution
		{965A9AA0-664E-4273-8DDF-D152B48A552B} = {0C018EE7-EB08-4447-8E8A-080743945AD6}
		{60B6E38D-D83D-42C0-B9F0-DE27D7FA50BF} = {F9873804-70F3-477C-B0B7-2E29C2C27628}
		{F5CCCB72-E93E-4BFB-B313-29F7722DC24C} = {40F5553C-BB03-4938-945E-A907CA8DDB66}
		{9A30A321-F3E9-4C8B-85A6-B7A32926CDFF} = {C0BB756B-D8F5-4FBF-A648-70DED36642A1}
		{61571E16-2534-48E1-9396-E547D97C0799} = {C0BB756B-D8F5-4FBF-A648-70DED36642A1}
		{8EAE377F-BE52-43E5-9384-AD09AF677094} = {C0BB756B-D8F5-4FBF-A648-70DED36642A1}
		{4DDC26F2-42CB-45D3-9B85-0D8C86C3708E} = {3A16C5D9-003F-4F29-96FA-C08C8BAD0446}
		{1CB5DBED-742D-4350-BD75-836199E3C3E0} = {94967626-BBEE-4609-BB5B-37290DECFD06}
		{6BAF0310-9D52-4D08-AEEA-3022B2327C1F} = {3A16C5D9-003F-4F29-96FA-C08C8BAD0446}
	EndGlobalSection
	GlobalSection(ExtensibilityGlobals) = postSolution
		SolutionGuid = {EA5CFBB6-5A7C-4C68-8CAE-64DA7E59D9DC}
	EndGlobalSection
EndGlobal
